// !$*UTF8*$!
{
	archiveVersion = 1;
	classes = {
	};
	objectVersion = 50;
	objects = {

/* Begin PBXBuildFile section */
		708BA54924BCE66F00D94DE7 /* AppDelegate.swift in Sources */ = {isa = PBXBuildFile; fileRef = 708BA54824BCE66F00D94DE7 /* AppDelegate.swift */; };
		708BA54B24BCE66F00D94DE7 /* SceneDelegate.swift in Sources */ = {isa = PBXBuildFile; fileRef = 708BA54A24BCE66F00D94DE7 /* SceneDelegate.swift */; };
		708BA54D24BCE66F00D94DE7 /* ViewController.swift in Sources */ = {isa = PBXBuildFile; fileRef = 708BA54C24BCE66F00D94DE7 /* ViewController.swift */; };
		708BA55024BCE66F00D94DE7 /* Main.storyboard in Resources */ = {isa = PBXBuildFile; fileRef = 708BA54E24BCE66F00D94DE7 /* Main.storyboard */; };
		708BA55224BCE67000D94DE7 /* Assets.xcassets in Resources */ = {isa = PBXBuildFile; fileRef = 708BA55124BCE67000D94DE7 /* Assets.xcassets */; };
		708BA55524BCE67000D94DE7 /* LaunchScreen.storyboard in Resources */ = {isa = PBXBuildFile; fileRef = 708BA55324BCE67000D94DE7 /* LaunchScreen.storyboard */; };
/* End PBXBuildFile section */

/* Begin PBXFileReference section */
		708BA54524BCE66F00D94DE7 /* sectioning.app */ = {isa = PBXFileReference; explicitFileType = wrapper.application; includeInIndex = 0; path = sectioning.app; sourceTree = BUILT_PRODUCTS_DIR; };
		708BA54824BCE66F00D94DE7 /* AppDelegate.swift */ = {isa = PBXFileReference; lastKnownFileType = sourcecode.swift; path = AppDelegate.swift; sourceTree = "<group>"; };
		708BA54A24BCE66F00D94DE7 /* SceneDelegate.swift */ = {isa = PBXFileReference; lastKnownFileType = sourcecode.swift; path = SceneDelegate.swift; sourceTree = "<group>"; };
		708BA54C24BCE66F00D94DE7 /* ViewController.swift */ = {isa = PBXFileReference; lastKnownFileType = sourcecode.swift; path = ViewController.swift; sourceTree = "<group>"; };
		708BA54F24BCE66F00D94DE7 /* Base */ = {isa = PBXFileReference; lastKnownFileType = file.storyboard; name = Base; path = Base.lproj/Main.storyboard; sourceTree = "<group>"; };
		708BA55124BCE67000D94DE7 /* Assets.xcassets */ = {isa = PBXFileReference; lastKnownFileType = folder.assetcatalog; path = Assets.xcassets; sourceTree = "<group>"; };
		708BA55424BCE67000D94DE7 /* Base */ = {isa = PBXFileReference; lastKnownFileType = file.storyboard; name = Base; path = Base.lproj/LaunchScreen.storyboard; sourceTree = "<group>"; };
		708BA55624BCE67000D94DE7 /* Info.plist */ = {isa = PBXFileReference; lastKnownFileType = text.plist.xml; path = Info.plist; sourceTree = "<group>"; };
/* End PBXFileReference section */

/* Begin PBXFrameworksBuildPhase section */
		708BA54224BCE66F00D94DE7 /* Frameworks */ = {
			isa = PBXFrameworksBuildPhase;
			buildActionMask = 2147483647;
			files = (
			);
			runOnlyForDeploymentPostprocessing = 0;
		};
/* End PBXFrameworksBuildPhase section */

/* Begin PBXGroup section */
		708BA53C24BCE66F00D94DE7 = {
			isa = PBXGroup;
			children = (
				708BA54724BCE66F00D94DE7 /* sectioning */,
				708BA54624BCE66F00D94DE7 /* Products */,
			);
			sourceTree = "<group>";
		};
		708BA54624BCE66F00D94DE7 /* Products */ = {
			isa = PBXGroup;
			children = (
				708BA54524BCE66F00D94DE7 /* sectioning.app */,
			);
			name = Products;
			sourceTree = "<group>";
		};
		708BA54724BCE66F00D94DE7 /* sectioning */ = {
			isa = PBXGroup;
			children = (
				708BA54824BCE66F00D94DE7 /* AppDelegate.swift */,
				708BA54A24BCE66F00D94DE7 /* SceneDelegate.swift */,
				708BA54C24BCE66F00D94DE7 /* ViewController.swift */,
				708BA54E24BCE66F00D94DE7 /* Main.storyboard */,
				708BA55124BCE67000D94DE7 /* Assets.xcassets */,
				708BA55324BCE67000D94DE7 /* LaunchScreen.storyboard */,
				708BA55624BCE67000D94DE7 /* Info.plist */,
			);
			path = sectioning;
			sourceTree = "<group>";
		};
/* End PBXGroup section */

/* Begin PBXNativeTarget section */
		708BA54424BCE66F00D94DE7 /* sectioning */ = {
			isa = PBXNativeTarget;
			buildConfigurationList = 708BA55924BCE67000D94DE7 /* Build configuration list for PBXNativeTarget "sectioning" */;
			buildPhases = (
				708BA54124BCE66F00D94DE7 /* Sources */,
				708BA54224BCE66F00D94DE7 /* Frameworks */,
				708BA54324BCE66F00D94DE7 /* Resources */,
			);
			buildRules = (
			);
			dependencies = (
			);
			name = sectioning;
			productName = sectioning;
			productReference = 708BA54524BCE66F00D94DE7 /* sectioning.app */;
			productType = "com.apple.product-type.application";
		};
/* End PBXNativeTarget section */

/* Begin PBXProject section */
		708BA53D24BCE66F00D94DE7 /* Project object */ = {
			isa = PBXProject;
			attributes = {
				LastSwiftUpdateCheck = 1150;
				LastUpgradeCheck = 1150;
				ORGANIZATIONNAME = "Jonathan Phouminh";
				TargetAttributes = {
					708BA54424BCE66F00D94DE7 = {
						CreatedOnToolsVersion = 11.5;
					};
				};
			};
			buildConfigurationList = 708BA54024BCE66F00D94DE7 /* Build configuration list for PBXProject "sectioning" */;
			compatibilityVersion = "Xcode 9.3";
			developmentRegion = en;
			hasScannedForEncodings = 0;
			knownRegions = (
				en,
				Base,
			);
			mainGroup = 708BA53C24BCE66F00D94DE7;
			productRefGroup = 708BA54624BCE66F00D94DE7 /* Products */;
			projectDirPath = "";
			projectRoot = "";
			targets = (
				708BA54424BCE66F00D94DE7 /* sectioning */,
			);
		};
/* End PBXProject section */

/* Begin PBXResourcesBuildPhase section */
		708BA54324BCE66F00D94DE7 /* Resources */ = {
			isa = PBXResourcesBuildPhase;
			buildActionMask = 2147483647;
			files = (
				708BA55524BCE67000D94DE7 /* LaunchScreen.storyboard in Resources */,
				708BA55224BCE67000D94DE7 /* Assets.xcassets in Resources */,
				708BA55024BCE66F00D94DE7 /* Main.storyboard in Resources */,
			);
			runOnlyForDeploymentPostprocessing = 0;
		};
/* End PBXResourcesBuildPhase section */

/* Begin PBXSourcesBuildPhase section */
		708BA54124BCE66F00D94DE7 /* Sources */ = {
			isa = PBXSourcesBuildPhase;
			buildActionMask = 2147483647;
			files = (
				708BA54D24BCE66F00D94DE7 /* ViewController.swift in Sources */,
				708BA54924BCE66F00D94DE7 /* AppDelegate.swift in Sources */,
				708BA54B24BCE66F00D94DE7 /* SceneDelegate.swift in Sources */,
			);
			runOnlyForDeploymentPostprocessing = 0;
		};
/* End PBXSourcesBuildPhase section */

/* Begin PBXVariantGroup section */
		708BA54E24BCE66F00D94DE7 /* Main.storyboard */ = {
			isa = PBXVariantGroup;
			children = (
				708BA54F24BCE66F00D94DE7 /* Base */,
			);
			name = Main.storyboard;
			sourceTree = "<group>";
		};
		708BA55324BCE67000D94DE7 /* LaunchScreen.storyboard */ = {
			isa = PBXVariantGroup;
			children = (
				708BA55424BCE67000D94DE7 /* Base */,
			);
			name = LaunchScreen.storyboard;
			sourceTree = "<group>";
		};
/* End PBXVariantGroup section */

/* Begin XCBuildConfiguration section */
		708BA55724BCE67000D94DE7 /* Debug */ = {
			isa = XCBuildConfiguration;
			buildSettings = {
				ALWAYS_SEARCH_USER_PATHS = NO;
				CLANG_ANALYZER_NONNULL = YES;
				CLANG_ANALYZER_NUMBER_OBJECT_CONVERSION = YES_AGGRESSIVE;
				CLANG_CXX_LANGUAGE_STANDARD = "gnu++14";
				CLANG_CXX_LIBRARY = "libc++";
				CLANG_ENABLE_MODULES = YES;
				CLANG_ENABLE_OBJC_ARC = YES;
				CLANG_ENABLE_OBJC_WEAK = YES;
				CLANG_WARN_BLOCK_CAPTURE_AUTORELEASING = YES;
				CLANG_WARN_BOOL_CONVERSION = YES;
				CLANG_WARN_COMMA = YES;
				CLANG_WARN_CONSTANT_CONVERSION = YES;
				CLANG_WARN_DEPRECATED_OBJC_IMPLEMENTATIONS = YES;
				CLANG_WARN_DIRECT_OBJC_ISA_USAGE = YES_ERROR;
				CLANG_WARN_DOCUMENTATION_COMMENTS = YES;
				CLANG_WARN_EMPTY_BODY = YES;
				CLANG_WARN_ENUM_CONVERSION = YES;
				CLANG_WARN_INFINITE_RECURSION = YES;
				CLANG_WARN_INT_CONVERSION = YES;
				CLANG_WARN_NON_LITERAL_NULL_CONVERSION = YES;
				CLANG_WARN_OBJC_IMPLICIT_RETAIN_SELF = YES;
				CLANG_WARN_OBJC_LITERAL_CONVERSION = YES;
				CLANG_WARN_OBJC_ROOT_CLASS = YES_ERROR;
				CLANG_WARN_RANGE_LOOP_ANALYSIS = YES;
				CLANG_WARN_STRICT_PROTOTYPES = YES;
				CLANG_WARN_SUSPICIOUS_MOVE = YES;
				CLANG_WARN_UNGUARDED_AVAILABILITY = YES_AGGRESSIVE;
				CLANG_WARN_UNREACHABLE_CODE = YES;
				CLANG_WARN__DUPLICATE_METHOD_MATCH = YES;
				COPY_PHASE_STRIP = NO;
				DEBUG_INFORMATION_FORMAT = dwarf;
				ENABLE_STRICT_OBJC_MSGSEND = YES;
				ENABLE_TESTABILITY = YES;
				GCC_C_LANGUAGE_STANDARD = gnu11;
				GCC_DYNAMIC_NO_PIC = NO;
				GCC_NO_COMMON_BLOCKS = YES;
				GCC_OPTIMIZATION_LEVEL = 0;
				GCC_PREPROCESSOR_DEFINITIONS = (
					"DEBUG=1",
					"$(inherited)",
				);
				GCC_WARN_64_TO_32_BIT_CONVERSION = YES;
				GCC_WARN_ABOUT_RETURN_TYPE = YES_ERROR;
				GCC_WARN_UNDECLARED_SELECTOR = YES;
				GCC_WARN_UNINITIALIZED_AUTOS = YES_AGGRESSIVE;
				GCC_WARN_UNUSED_FUNCTION = YES;
				GCC_WARN_UNUSED_VARIABLE = YES;
				IPHONEOS_DEPLOYMENT_TARGET = 13.5;
				MTL_ENABLE_DEBUG_INFO = INCLUDE_SOURCE;
				MTL_FAST_MATH = YES;
				ONLY_ACTIVE_ARCH = YES;
				SDKROOT = iphoneos;
				SWIFT_ACTIVE_COMPILATION_CONDITIONS = DEBUG;
				SWIFT_OPTIMIZATION_LEVEL = "-Onone";
			};
			name = Debug;
		};
		708BA55824BCE67000D94DE7 /* Release */ = {
			isa = XCBuildConfiguration;
			buildSettings = {
				ALWAYS_SEARCH_USER_PATHS = NO;
				CLANG_ANALYZER_NONNULL = YES;
				CLANG_ANALYZER_NUMBER_OBJECT_CONVERSION = YES_AGGRESSIVE;
				CLANG_CXX_LANGUAGE_STANDARD = "gnu++14";
				CLANG_CXX_LIBRARY = "libc++";
				CLANG_ENABLE_MODULES = YES;
				CLANG_ENABLE_OBJC_ARC = YES;
				CLANG_ENABLE_OBJC_WEAK = YES;
				CLANG_WARN_BLOCK_CAPTURE_AUTORELEASING = YES;
				CLANG_WARN_BOOL_CONVERSION = YES;
				CLANG_WARN_COMMA = YES;
				CLANG_WARN_CONSTANT_CONVERSION = YES;
				CLANG_WARN_DEPRECATED_OBJC_IMPLEMENTATIONS = YES;
				CLANG_WARN_DIRECT_OBJC_ISA_USAGE = YES_ERROR;
				CLANG_WARN_DOCUMENTATION_COMMENTS = YES;
				CLANG_WARN_EMPTY_BODY = YES;
				CLANG_WARN_ENUM_CONVERSION = YES;
				CLANG_WARN_INFINITE_RECURSION = YES;
				CLANG_WARN_INT_CONVERSION = YES;
				CLANG_WARN_NON_LITERAL_NULL_CONVERSION = YES;
				CLANG_WARN_OBJC_IMPLICIT_RETAIN_SELF = YES;
				CLANG_WARN_OBJC_LITERAL_CONVERSION = YES;
				CLANG_WARN_OBJC_ROOT_CLASS = YES_ERROR;
				CLANG_WARN_RANGE_LOOP_ANALYSIS = YES;
				CLANG_WARN_STRICT_PROTOTYPES = YES;
				CLANG_WARN_SUSPICIOUS_MOVE = YES;
				CLANG_WARN_UNGUARDED_AVAILABILITY = YES_AGGRESSIVE;
				CLANG_WARN_UNREACHABLE_CODE = YES;
				CLANG_WARN__DUPLICATE_METHOD_MATCH = YES;
				COPY_PHASE_STRIP = NO;
				DEBUG_INFORMATION_FORMAT = "dwarf-with-dsym";
				ENABLE_NS_ASSERTIONS = NO;
				ENABLE_STRICT_OBJC_MSGSEND = YES;
				GCC_C_LANGUAGE_STANDARD = gnu11;
				GCC_NO_COMMON_BLOCKS = YES;
				GCC_WARN_64_TO_32_BIT_CONVERSION = YES;
				GCC_WARN_ABOUT_RETURN_TYPE = YES_ERROR;
				GCC_WARN_UNDECLARED_SELECTOR = YES;
				GCC_WARN_UNINITIALIZED_AUTOS = YES_AGGRESSIVE;
				GCC_WARN_UNUSED_FUNCTION = YES;
				GCC_WARN_UNUSED_VARIABLE = YES;
				IPHONEOS_DEPLOYMENT_TARGET = 13.5;
				MTL_ENABLE_DEBUG_INFO = NO;
				MTL_FAST_MATH = YES;
				SDKROOT = iphoneos;
				SWIFT_COMPILATION_MODE = wholemodule;
				SWIFT_OPTIMIZATION_LEVEL = "-O";
				VALIDATE_PRODUCT = YES;
			};
			name = Release;
		};
		708BA55A24BCE67000D94DE7 /* Debug */ = {
			isa = XCBuildConfiguration;
			buildSettings = {
				ASSETCATALOG_COMPILER_APPICON_NAME = AppIcon;
				CODE_SIGN_STYLE = Automatic;
				INFOPLIST_FILE = sectioning/Info.plist;
				LD_RUNPATH_SEARCH_PATHS = (
					"$(inherited)",
					"@executable_path/Frameworks",
				);
				PRODUCT_BUNDLE_IDENTIFIER = jonathan.phouminh1.sectioning;
				PRODUCT_NAME = "$(TARGET_NAME)";
				SWIFT_VERSION = 5.0;
				TARGETED_DEVICE_FAMILY = "1,2";
			};
			name = Debug;
		};
		708BA55B24BCE67000D94DE7 /* Release */ = {
			isa = XCBuildConfiguration;
			buildSettings = {
				ASSETCATALOG_COMPILER_APPICON_NAME = AppIcon;
				CODE_SIGN_STYLE = Automatic;
				INFOPLIST_FILE = sectioning/Info.plist;
				LD_RUNPATH_SEARCH_PATHS = (
					"$(inherited)",
					"@executable_path/Frameworks",
				);
				PRODUCT_BUNDLE_IDENTIFIER = jonathan.phouminh1.sectioning;
				PRODUCT_NAME = "$(TARGET_NAME)";
				SWIFT_VERSION = 5.0;
				TARGETED_DEVICE_FAMILY = "1,2";
			};
			name = Release;
		};
/* End XCBuildConfiguration section */

/* Begin XCConfigurationList section */
		708BA54024BCE66F00D94DE7 /* Build configuration list for PBXProject "sectioning" */ = {
			isa = XCConfigurationList;
			buildConfigurations = (
				708BA55724BCE67000D94DE7 /* Debug */,
				708BA55824BCE67000D94DE7 /* Release */,
			);
			defaultConfigurationIsVisible = 0;
			defaultConfigurationName = Release;
		};
		708BA55924BCE67000D94DE7 /* Build configuration list for PBXNativeTarget "sectioning" */ = {
			isa = XCConfigurationList;
			buildConfigurations = (
				708BA55A24BCE67000D94DE7 /* Debug */,
				708BA55B24BCE67000D94DE7 /* Release */,
			);
			defaultConfigurationIsVisible = 0;
			defaultConfigurationName = Release;
		};
/* End XCConfigurationList section */
	};
	rootObject = 708BA53D24BCE66F00D94DE7 /* Project object */;
}
