// !$*UTF8*$!
{
	archiveVersion = 1;
	classes = {
	};
	objectVersion = 50;
	objects = {

/* Begin PBXBuildFile section */
		70F41B5C24C891DA0050A4A6 /* AppDelegate.swift in Sources */ = {isa = PBXBuildFile; fileRef = 70F41B5B24C891DA0050A4A6 /* AppDelegate.swift */; };
		70F41B5E24C891DA0050A4A6 /* SceneDelegate.swift in Sources */ = {isa = PBXBuildFile; fileRef = 70F41B5D24C891DA0050A4A6 /* SceneDelegate.swift */; };
		70F41B6024C891DA0050A4A6 /* ViewController.swift in Sources */ = {isa = PBXBuildFile; fileRef = 70F41B5F24C891DA0050A4A6 /* ViewController.swift */; };
		70F41B6324C891DA0050A4A6 /* Main.storyboard in Resources */ = {isa = PBXBuildFile; fileRef = 70F41B6124C891DA0050A4A6 /* Main.storyboard */; };
		70F41B6524C891DC0050A4A6 /* Assets.xcassets in Resources */ = {isa = PBXBuildFile; fileRef = 70F41B6424C891DC0050A4A6 /* Assets.xcassets */; };
		70F41B6824C891DC0050A4A6 /* LaunchScreen.storyboard in Resources */ = {isa = PBXBuildFile; fileRef = 70F41B6624C891DC0050A4A6 /* LaunchScreen.storyboard */; };
		70F41B7024C89BCB0050A4A6 /* SecondViewController.swift in Sources */ = {isa = PBXBuildFile; fileRef = 70F41B6F24C89BCB0050A4A6 /* SecondViewController.swift */; };
/* End PBXBuildFile section */

/* Begin PBXFileReference section */
		70F41B5824C891DA0050A4A6 /* NavigationControllers.app */ = {isa = PBXFileReference; explicitFileType = wrapper.application; includeInIndex = 0; path = NavigationControllers.app; sourceTree = BUILT_PRODUCTS_DIR; };
		70F41B5B24C891DA0050A4A6 /* AppDelegate.swift */ = {isa = PBXFileReference; lastKnownFileType = sourcecode.swift; path = AppDelegate.swift; sourceTree = "<group>"; };
		70F41B5D24C891DA0050A4A6 /* SceneDelegate.swift */ = {isa = PBXFileReference; lastKnownFileType = sourcecode.swift; path = SceneDelegate.swift; sourceTree = "<group>"; };
		70F41B5F24C891DA0050A4A6 /* ViewController.swift */ = {isa = PBXFileReference; lastKnownFileType = sourcecode.swift; path = ViewController.swift; sourceTree = "<group>"; };
		70F41B6224C891DA0050A4A6 /* Base */ = {isa = PBXFileReference; lastKnownFileType = file.storyboard; name = Base; path = Base.lproj/Main.storyboard; sourceTree = "<group>"; };
		70F41B6424C891DC0050A4A6 /* Assets.xcassets */ = {isa = PBXFileReference; lastKnownFileType = folder.assetcatalog; path = Assets.xcassets; sourceTree = "<group>"; };
		70F41B6724C891DC0050A4A6 /* Base */ = {isa = PBXFileReference; lastKnownFileType = file.storyboard; name = Base; path = Base.lproj/LaunchScreen.storyboard; sourceTree = "<group>"; };
		70F41B6924C891DC0050A4A6 /* Info.plist */ = {isa = PBXFileReference; lastKnownFileType = text.plist.xml; path = Info.plist; sourceTree = "<group>"; };
		70F41B6F24C89BCB0050A4A6 /* SecondViewController.swift */ = {isa = PBXFileReference; lastKnownFileType = sourcecode.swift; path = SecondViewController.swift; sourceTree = "<group>"; };
/* End PBXFileReference section */

/* Begin PBXFrameworksBuildPhase section */
		70F41B5524C891DA0050A4A6 /* Frameworks */ = {
			isa = PBXFrameworksBuildPhase;
			buildActionMask = 2147483647;
			files = (
			);
			runOnlyForDeploymentPostprocessing = 0;
		};
/* End PBXFrameworksBuildPhase section */

/* Begin PBXGroup section */
		70F41B4F24C891DA0050A4A6 = {
			isa = PBXGroup;
			children = (
				70F41B5A24C891DA0050A4A6 /* NavigationControllers */,
				70F41B5924C891DA0050A4A6 /* Products */,
			);
			sourceTree = "<group>";
		};
		70F41B5924C891DA0050A4A6 /* Products */ = {
			isa = PBXGroup;
			children = (
				70F41B5824C891DA0050A4A6 /* NavigationControllers.app */,
			);
			name = Products;
			sourceTree = "<group>";
		};
		70F41B5A24C891DA0050A4A6 /* NavigationControllers */ = {
			isa = PBXGroup;
			children = (
				70F41B5B24C891DA0050A4A6 /* AppDelegate.swift */,
				70F41B5D24C891DA0050A4A6 /* SceneDelegate.swift */,
				70F41B5F24C891DA0050A4A6 /* ViewController.swift */,
				70F41B6124C891DA0050A4A6 /* Main.storyboard */,
				70F41B6424C891DC0050A4A6 /* Assets.xcassets */,
				70F41B6624C891DC0050A4A6 /* LaunchScreen.storyboard */,
				70F41B6924C891DC0050A4A6 /* Info.plist */,
				70F41B6F24C89BCB0050A4A6 /* SecondViewController.swift */,
			);
			path = NavigationControllers;
			sourceTree = "<group>";
		};
/* End PBXGroup section */

/* Begin PBXNativeTarget section */
		70F41B5724C891DA0050A4A6 /* NavigationControllers */ = {
			isa = PBXNativeTarget;
			buildConfigurationList = 70F41B6C24C891DC0050A4A6 /* Build configuration list for PBXNativeTarget "NavigationControllers" */;
			buildPhases = (
				70F41B5424C891DA0050A4A6 /* Sources */,
				70F41B5524C891DA0050A4A6 /* Frameworks */,
				70F41B5624C891DA0050A4A6 /* Resources */,
			);
			buildRules = (
			);
			dependencies = (
			);
			name = NavigationControllers;
			productName = NavigationControllers;
			productReference = 70F41B5824C891DA0050A4A6 /* NavigationControllers.app */;
			productType = "com.apple.product-type.application";
		};
/* End PBXNativeTarget section */

/* Begin PBXProject section */
		70F41B5024C891DA0050A4A6 /* Project object */ = {
			isa = PBXProject;
			attributes = {
				LastSwiftUpdateCheck = 1150;
				LastUpgradeCheck = 1150;
				ORGANIZATIONNAME = "Jonathan Phouminh";
				TargetAttributes = {
					70F41B5724C891DA0050A4A6 = {
						CreatedOnToolsVersion = 11.5;
					};
				};
			};
			buildConfigurationList = 70F41B5324C891DA0050A4A6 /* Build configuration list for PBXProject "NavigationControllers" */;
			compatibilityVersion = "Xcode 9.3";
			developmentRegion = en;
			hasScannedForEncodings = 0;
			knownRegions = (
				en,
				Base,
			);
			mainGroup = 70F41B4F24C891DA0050A4A6;
			productRefGroup = 70F41B5924C891DA0050A4A6 /* Products */;
			projectDirPath = "";
			projectRoot = "";
			targets = (
				70F41B5724C891DA0050A4A6 /* NavigationControllers */,
			);
		};
/* End PBXProject section */

/* Begin PBXResourcesBuildPhase section */
		70F41B5624C891DA0050A4A6 /* Resources */ = {
			isa = PBXResourcesBuildPhase;
			buildActionMask = 2147483647;
			files = (
				70F41B6824C891DC0050A4A6 /* LaunchScreen.storyboard in Resources */,
				70F41B6524C891DC0050A4A6 /* Assets.xcassets in Resources */,
				70F41B6324C891DA0050A4A6 /* Main.storyboard in Resources */,
			);
			runOnlyForDeploymentPostprocessing = 0;
		};
/* End PBXResourcesBuildPhase section */

/* Begin PBXSourcesBuildPhase section */
		70F41B5424C891DA0050A4A6 /* Sources */ = {
			isa = PBXSourcesBuildPhase;
			buildActionMask = 2147483647;
			files = (
				70F41B7024C89BCB0050A4A6 /* SecondViewController.swift in Sources */,
				70F41B6024C891DA0050A4A6 /* ViewController.swift in Sources */,
				70F41B5C24C891DA0050A4A6 /* AppDelegate.swift in Sources */,
				70F41B5E24C891DA0050A4A6 /* SceneDelegate.swift in Sources */,
			);
			runOnlyForDeploymentPostprocessing = 0;
		};
/* End PBXSourcesBuildPhase section */

/* Begin PBXVariantGroup section */
		70F41B6124C891DA0050A4A6 /* Main.storyboard */ = {
			isa = PBXVariantGroup;
			children = (
				70F41B6224C891DA0050A4A6 /* Base */,
			);
			name = Main.storyboard;
			sourceTree = "<group>";
		};
		70F41B6624C891DC0050A4A6 /* LaunchScreen.storyboard */ = {
			isa = PBXVariantGroup;
			children = (
				70F41B6724C891DC0050A4A6 /* Base */,
			);
			name = LaunchScreen.storyboard;
			sourceTree = "<group>";
		};
/* End PBXVariantGroup section */

/* Begin XCBuildConfiguration section */
		70F41B6A24C891DC0050A4A6 /* Debug */ = {
			isa = XCBuildConfiguration;
			buildSettings = {
				ALWAYS_SEARCH_USER_PATHS = NO;
				CLANG_ANALYZER_NONNULL = YES;
				CLANG_ANALYZER_NUMBER_OBJECT_CONVERSION = YES_AGGRESSIVE;
				CLANG_CXX_LANGUAGE_STANDARD = "gnu++14";
				CLANG_CXX_LIBRARY = "libc++";
				CLANG_ENABLE_MODULES = YES;
				CLANG_ENABLE_OBJC_ARC = YES;
				CLANG_ENABLE_OBJC_WEAK = YES;
				CLANG_WARN_BLOCK_CAPTURE_AUTORELEASING = YES;
				CLANG_WARN_BOOL_CONVERSION = YES;
				CLANG_WARN_COMMA = YES;
				CLANG_WARN_CONSTANT_CONVERSION = YES;
				CLANG_WARN_DEPRECATED_OBJC_IMPLEMENTATIONS = YES;
				CLANG_WARN_DIRECT_OBJC_ISA_USAGE = YES_ERROR;
				CLANG_WARN_DOCUMENTATION_COMMENTS = YES;
				CLANG_WARN_EMPTY_BODY = YES;
				CLANG_WARN_ENUM_CONVERSION = YES;
				CLANG_WARN_INFINITE_RECURSION = YES;
				CLANG_WARN_INT_CONVERSION = YES;
				CLANG_WARN_NON_LITERAL_NULL_CONVERSION = YES;
				CLANG_WARN_OBJC_IMPLICIT_RETAIN_SELF = YES;
				CLANG_WARN_OBJC_LITERAL_CONVERSION = YES;
				CLANG_WARN_OBJC_ROOT_CLASS = YES_ERROR;
				CLANG_WARN_RANGE_LOOP_ANALYSIS = YES;
				CLANG_WARN_STRICT_PROTOTYPES = YES;
				CLANG_WARN_SUSPICIOUS_MOVE = YES;
				CLANG_WARN_UNGUARDED_AVAILABILITY = YES_AGGRESSIVE;
				CLANG_WARN_UNREACHABLE_CODE = YES;
				CLANG_WARN__DUPLICATE_METHOD_MATCH = YES;
				COPY_PHASE_STRIP = NO;
				DEBUG_INFORMATION_FORMAT = dwarf;
				ENABLE_STRICT_OBJC_MSGSEND = YES;
				ENABLE_TESTABILITY = YES;
				GCC_C_LANGUAGE_STANDARD = gnu11;
				GCC_DYNAMIC_NO_PIC = NO;
				GCC_NO_COMMON_BLOCKS = YES;
				GCC_OPTIMIZATION_LEVEL = 0;
				GCC_PREPROCESSOR_DEFINITIONS = (
					"DEBUG=1",
					"$(inherited)",
				);
				GCC_WARN_64_TO_32_BIT_CONVERSION = YES;
				GCC_WARN_ABOUT_RETURN_TYPE = YES_ERROR;
				GCC_WARN_UNDECLARED_SELECTOR = YES;
				GCC_WARN_UNINITIALIZED_AUTOS = YES_AGGRESSIVE;
				GCC_WARN_UNUSED_FUNCTION = YES;
				GCC_WARN_UNUSED_VARIABLE = YES;
				IPHONEOS_DEPLOYMENT_TARGET = 13.5;
				MTL_ENABLE_DEBUG_INFO = INCLUDE_SOURCE;
				MTL_FAST_MATH = YES;
				ONLY_ACTIVE_ARCH = YES;
				SDKROOT = iphoneos;
				SWIFT_ACTIVE_COMPILATION_CONDITIONS = DEBUG;
				SWIFT_OPTIMIZATION_LEVEL = "-Onone";
			};
			name = Debug;
		};
		70F41B6B24C891DC0050A4A6 /* Release */ = {
			isa = XCBuildConfiguration;
			buildSettings = {
				ALWAYS_SEARCH_USER_PATHS = NO;
				CLANG_ANALYZER_NONNULL = YES;
				CLANG_ANALYZER_NUMBER_OBJECT_CONVERSION = YES_AGGRESSIVE;
				CLANG_CXX_LANGUAGE_STANDARD = "gnu++14";
				CLANG_CXX_LIBRARY = "libc++";
				CLANG_ENABLE_MODULES = YES;
				CLANG_ENABLE_OBJC_ARC = YES;
				CLANG_ENABLE_OBJC_WEAK = YES;
				CLANG_WARN_BLOCK_CAPTURE_AUTORELEASING = YES;
				CLANG_WARN_BOOL_CONVERSION = YES;
				CLANG_WARN_COMMA = YES;
				CLANG_WARN_CONSTANT_CONVERSION = YES;
				CLANG_WARN_DEPRECATED_OBJC_IMPLEMENTATIONS = YES;
				CLANG_WARN_DIRECT_OBJC_ISA_USAGE = YES_ERROR;
				CLANG_WARN_DOCUMENTATION_COMMENTS = YES;
				CLANG_WARN_EMPTY_BODY = YES;
				CLANG_WARN_ENUM_CONVERSION = YES;
				CLANG_WARN_INFINITE_RECURSION = YES;
				CLANG_WARN_INT_CONVERSION = YES;
				CLANG_WARN_NON_LITERAL_NULL_CONVERSION = YES;
				CLANG_WARN_OBJC_IMPLICIT_RETAIN_SELF = YES;
				CLANG_WARN_OBJC_LITERAL_CONVERSION = YES;
				CLANG_WARN_OBJC_ROOT_CLASS = YES_ERROR;
				CLANG_WARN_RANGE_LOOP_ANALYSIS = YES;
				CLANG_WARN_STRICT_PROTOTYPES = YES;
				CLANG_WARN_SUSPICIOUS_MOVE = YES;
				CLANG_WARN_UNGUARDED_AVAILABILITY = YES_AGGRESSIVE;
				CLANG_WARN_UNREACHABLE_CODE = YES;
				CLANG_WARN__DUPLICATE_METHOD_MATCH = YES;
				COPY_PHASE_STRIP = NO;
				DEBUG_INFORMATION_FORMAT = "dwarf-with-dsym";
				ENABLE_NS_ASSERTIONS = NO;
				ENABLE_STRICT_OBJC_MSGSEND = YES;
				GCC_C_LANGUAGE_STANDARD = gnu11;
				GCC_NO_COMMON_BLOCKS = YES;
				GCC_WARN_64_TO_32_BIT_CONVERSION = YES;
				GCC_WARN_ABOUT_RETURN_TYPE = YES_ERROR;
				GCC_WARN_UNDECLARED_SELECTOR = YES;
				GCC_WARN_UNINITIALIZED_AUTOS = YES_AGGRESSIVE;
				GCC_WARN_UNUSED_FUNCTION = YES;
				GCC_WARN_UNUSED_VARIABLE = YES;
				IPHONEOS_DEPLOYMENT_TARGET = 13.5;
				MTL_ENABLE_DEBUG_INFO = NO;
				MTL_FAST_MATH = YES;
				SDKROOT = iphoneos;
				SWIFT_COMPILATION_MODE = wholemodule;
				SWIFT_OPTIMIZATION_LEVEL = "-O";
				VALIDATE_PRODUCT = YES;
			};
			name = Release;
		};
		70F41B6D24C891DC0050A4A6 /* Debug */ = {
			isa = XCBuildConfiguration;
			buildSettings = {
				ASSETCATALOG_COMPILER_APPICON_NAME = AppIcon;
				CODE_SIGN_STYLE = Automatic;
				INFOPLIST_FILE = NavigationControllers/Info.plist;
				LD_RUNPATH_SEARCH_PATHS = (
					"$(inherited)",
					"@executable_path/Frameworks",
				);
				PRODUCT_BUNDLE_IDENTIFIER = jonathan.phouminh1.NavigationControllers;
				PRODUCT_NAME = "$(TARGET_NAME)";
				SWIFT_VERSION = 5.0;
				TARGETED_DEVICE_FAMILY = "1,2";
			};
			name = Debug;
		};
		70F41B6E24C891DC0050A4A6 /* Release */ = {
			isa = XCBuildConfiguration;
			buildSettings = {
				ASSETCATALOG_COMPILER_APPICON_NAME = AppIcon;
				CODE_SIGN_STYLE = Automatic;
				INFOPLIST_FILE = NavigationControllers/Info.plist;
				LD_RUNPATH_SEARCH_PATHS = (
					"$(inherited)",
					"@executable_path/Frameworks",
				);
				PRODUCT_BUNDLE_IDENTIFIER = jonathan.phouminh1.NavigationControllers;
				PRODUCT_NAME = "$(TARGET_NAME)";
				SWIFT_VERSION = 5.0;
				TARGETED_DEVICE_FAMILY = "1,2";
			};
			name = Release;
		};
/* End XCBuildConfiguration section */

/* Begin XCConfigurationList section */
		70F41B5324C891DA0050A4A6 /* Build configuration list for PBXProject "NavigationControllers" */ = {
			isa = XCConfigurationList;
			buildConfigurations = (
				70F41B6A24C891DC0050A4A6 /* Debug */,
				70F41B6B24C891DC0050A4A6 /* Release */,
			);
			defaultConfigurationIsVisible = 0;
			defaultConfigurationName = Release;
		};
		70F41B6C24C891DC0050A4A6 /* Build configuration list for PBXNativeTarget "NavigationControllers" */ = {
			isa = XCConfigurationList;
			buildConfigurations = (
				70F41B6D24C891DC0050A4A6 /* Debug */,
				70F41B6E24C891DC0050A4A6 /* Release */,
			);
			defaultConfigurationIsVisible = 0;
			defaultConfigurationName = Release;
		};
/* End XCConfigurationList section */
	};
	rootObject = 70F41B5024C891DA0050A4A6 /* Project object */;
}
