// !$*UTF8*$!
{
	archiveVersion = 1;
	classes = {
	};
	objectVersion = 50;
	objects = {

/* Begin PBXBuildFile section */
		703AC44624C73AF30016A88F /* AppDelegate.swift in Sources */ = {isa = PBXBuildFile; fileRef = 703AC44524C73AF30016A88F /* AppDelegate.swift */; };
		703AC44824C73AF30016A88F /* SceneDelegate.swift in Sources */ = {isa = PBXBuildFile; fileRef = 703AC44724C73AF30016A88F /* SceneDelegate.swift */; };
		703AC44A24C73AF30016A88F /* ViewController.swift in Sources */ = {isa = PBXBuildFile; fileRef = 703AC44924C73AF30016A88F /* ViewController.swift */; };
		703AC44D24C73AF30016A88F /* Main.storyboard in Resources */ = {isa = PBXBuildFile; fileRef = 703AC44B24C73AF30016A88F /* Main.storyboard */; };
		703AC44F24C73AF40016A88F /* Assets.xcassets in Resources */ = {isa = PBXBuildFile; fileRef = 703AC44E24C73AF40016A88F /* Assets.xcassets */; };
		703AC45224C73AF40016A88F /* LaunchScreen.storyboard in Resources */ = {isa = PBXBuildFile; fileRef = 703AC45024C73AF40016A88F /* LaunchScreen.storyboard */; };
		703AC45A24C758030016A88F /* K.swift in Sources */ = {isa = PBXBuildFile; fileRef = 703AC45924C758030016A88F /* K.swift */; };
		703AC45C24C75E710016A88F /* tappableImageViewController.swift in Sources */ = {isa = PBXBuildFile; fileRef = 703AC45B24C75E710016A88F /* tappableImageViewController.swift */; };
		703AC45E24C7636B0016A88F /* TextViewController.swift in Sources */ = {isa = PBXBuildFile; fileRef = 703AC45D24C7636B0016A88F /* TextViewController.swift */; };
		703AC46024C7831B0016A88F /* Buttons-Switches-SegementedControlsViewController.swift in Sources */ = {isa = PBXBuildFile; fileRef = 703AC45F24C7831B0016A88F /* Buttons-Switches-SegementedControlsViewController.swift */; };
/* End PBXBuildFile section */

/* Begin PBXFileReference section */
		703AC44224C73AF30016A88F /* responsiveKeyboard.app */ = {isa = PBXFileReference; explicitFileType = wrapper.application; includeInIndex = 0; path = responsiveKeyboard.app; sourceTree = BUILT_PRODUCTS_DIR; };
		703AC44524C73AF30016A88F /* AppDelegate.swift */ = {isa = PBXFileReference; lastKnownFileType = sourcecode.swift; path = AppDelegate.swift; sourceTree = "<group>"; };
		703AC44724C73AF30016A88F /* SceneDelegate.swift */ = {isa = PBXFileReference; lastKnownFileType = sourcecode.swift; path = SceneDelegate.swift; sourceTree = "<group>"; };
		703AC44924C73AF30016A88F /* ViewController.swift */ = {isa = PBXFileReference; lastKnownFileType = sourcecode.swift; path = ViewController.swift; sourceTree = "<group>"; };
		703AC44C24C73AF30016A88F /* Base */ = {isa = PBXFileReference; lastKnownFileType = file.storyboard; name = Base; path = Base.lproj/Main.storyboard; sourceTree = "<group>"; };
		703AC44E24C73AF40016A88F /* Assets.xcassets */ = {isa = PBXFileReference; lastKnownFileType = folder.assetcatalog; path = Assets.xcassets; sourceTree = "<group>"; };
		703AC45124C73AF40016A88F /* Base */ = {isa = PBXFileReference; lastKnownFileType = file.storyboard; name = Base; path = Base.lproj/LaunchScreen.storyboard; sourceTree = "<group>"; };
		703AC45324C73AF40016A88F /* Info.plist */ = {isa = PBXFileReference; lastKnownFileType = text.plist.xml; path = Info.plist; sourceTree = "<group>"; };
		703AC45924C758030016A88F /* K.swift */ = {isa = PBXFileReference; lastKnownFileType = sourcecode.swift; path = K.swift; sourceTree = "<group>"; };
		703AC45B24C75E710016A88F /* tappableImageViewController.swift */ = {isa = PBXFileReference; lastKnownFileType = sourcecode.swift; path = tappableImageViewController.swift; sourceTree = "<group>"; };
		703AC45D24C7636B0016A88F /* TextViewController.swift */ = {isa = PBXFileReference; lastKnownFileType = sourcecode.swift; path = TextViewController.swift; sourceTree = "<group>"; };
		703AC45F24C7831B0016A88F /* Buttons-Switches-SegementedControlsViewController.swift */ = {isa = PBXFileReference; lastKnownFileType = sourcecode.swift; path = "Buttons-Switches-SegementedControlsViewController.swift"; sourceTree = "<group>"; };
/* End PBXFileReference section */

/* Begin PBXFrameworksBuildPhase section */
		703AC43F24C73AF30016A88F /* Frameworks */ = {
			isa = PBXFrameworksBuildPhase;
			buildActionMask = 2147483647;
			files = (
			);
			runOnlyForDeploymentPostprocessing = 0;
		};
/* End PBXFrameworksBuildPhase section */

/* Begin PBXGroup section */
		703AC43924C73AF30016A88F = {
			isa = PBXGroup;
			children = (
				703AC44424C73AF30016A88F /* responsiveKeyboard */,
				703AC44324C73AF30016A88F /* Products */,
			);
			sourceTree = "<group>";
		};
		703AC44324C73AF30016A88F /* Products */ = {
			isa = PBXGroup;
			children = (
				703AC44224C73AF30016A88F /* responsiveKeyboard.app */,
			);
			name = Products;
			sourceTree = "<group>";
		};
		703AC44424C73AF30016A88F /* responsiveKeyboard */ = {
			isa = PBXGroup;
			children = (
				703AC44524C73AF30016A88F /* AppDelegate.swift */,
				703AC44724C73AF30016A88F /* SceneDelegate.swift */,
				703AC44924C73AF30016A88F /* ViewController.swift */,
				703AC44B24C73AF30016A88F /* Main.storyboard */,
				703AC44E24C73AF40016A88F /* Assets.xcassets */,
				703AC45024C73AF40016A88F /* LaunchScreen.storyboard */,
				703AC45324C73AF40016A88F /* Info.plist */,
				703AC45924C758030016A88F /* K.swift */,
				703AC45B24C75E710016A88F /* tappableImageViewController.swift */,
				703AC45D24C7636B0016A88F /* TextViewController.swift */,
				703AC45F24C7831B0016A88F /* Buttons-Switches-SegementedControlsViewController.swift */,
			);
			path = responsiveKeyboard;
			sourceTree = "<group>";
		};
/* End PBXGroup section */

/* Begin PBXNativeTarget section */
		703AC44124C73AF30016A88F /* responsiveKeyboard */ = {
			isa = PBXNativeTarget;
			buildConfigurationList = 703AC45624C73AF40016A88F /* Build configuration list for PBXNativeTarget "responsiveKeyboard" */;
			buildPhases = (
				703AC43E24C73AF30016A88F /* Sources */,
				703AC43F24C73AF30016A88F /* Frameworks */,
				703AC44024C73AF30016A88F /* Resources */,
			);
			buildRules = (
			);
			dependencies = (
			);
			name = responsiveKeyboard;
			productName = responsiveKeyboard;
			productReference = 703AC44224C73AF30016A88F /* responsiveKeyboard.app */;
			productType = "com.apple.product-type.application";
		};
/* End PBXNativeTarget section */

/* Begin PBXProject section */
		703AC43A24C73AF30016A88F /* Project object */ = {
			isa = PBXProject;
			attributes = {
				LastSwiftUpdateCheck = 1150;
				LastUpgradeCheck = 1150;
				ORGANIZATIONNAME = "Jonathan Phouminh";
				TargetAttributes = {
					703AC44124C73AF30016A88F = {
						CreatedOnToolsVersion = 11.5;
					};
				};
			};
			buildConfigurationList = 703AC43D24C73AF30016A88F /* Build configuration list for PBXProject "responsiveKeyboard" */;
			compatibilityVersion = "Xcode 9.3";
			developmentRegion = en;
			hasScannedForEncodings = 0;
			knownRegions = (
				en,
				Base,
			);
			mainGroup = 703AC43924C73AF30016A88F;
			productRefGroup = 703AC44324C73AF30016A88F /* Products */;
			projectDirPath = "";
			projectRoot = "";
			targets = (
				703AC44124C73AF30016A88F /* responsiveKeyboard */,
			);
		};
/* End PBXProject section */

/* Begin PBXResourcesBuildPhase section */
		703AC44024C73AF30016A88F /* Resources */ = {
			isa = PBXResourcesBuildPhase;
			buildActionMask = 2147483647;
			files = (
				703AC45224C73AF40016A88F /* LaunchScreen.storyboard in Resources */,
				703AC44F24C73AF40016A88F /* Assets.xcassets in Resources */,
				703AC44D24C73AF30016A88F /* Main.storyboard in Resources */,
			);
			runOnlyForDeploymentPostprocessing = 0;
		};
/* End PBXResourcesBuildPhase section */

/* Begin PBXSourcesBuildPhase section */
		703AC43E24C73AF30016A88F /* Sources */ = {
			isa = PBXSourcesBuildPhase;
			buildActionMask = 2147483647;
			files = (
				703AC46024C7831B0016A88F /* Buttons-Switches-SegementedControlsViewController.swift in Sources */,
				703AC44A24C73AF30016A88F /* ViewController.swift in Sources */,
				703AC45E24C7636B0016A88F /* TextViewController.swift in Sources */,
				703AC45A24C758030016A88F /* K.swift in Sources */,
				703AC45C24C75E710016A88F /* tappableImageViewController.swift in Sources */,
				703AC44624C73AF30016A88F /* AppDelegate.swift in Sources */,
				703AC44824C73AF30016A88F /* SceneDelegate.swift in Sources */,
			);
			runOnlyForDeploymentPostprocessing = 0;
		};
/* End PBXSourcesBuildPhase section */

/* Begin PBXVariantGroup section */
		703AC44B24C73AF30016A88F /* Main.storyboard */ = {
			isa = PBXVariantGroup;
			children = (
				703AC44C24C73AF30016A88F /* Base */,
			);
			name = Main.storyboard;
			sourceTree = "<group>";
		};
		703AC45024C73AF40016A88F /* LaunchScreen.storyboard */ = {
			isa = PBXVariantGroup;
			children = (
				703AC45124C73AF40016A88F /* Base */,
			);
			name = LaunchScreen.storyboard;
			sourceTree = "<group>";
		};
/* End PBXVariantGroup section */

/* Begin XCBuildConfiguration section */
		703AC45424C73AF40016A88F /* Debug */ = {
			isa = XCBuildConfiguration;
			buildSettings = {
				ALWAYS_SEARCH_USER_PATHS = NO;
				CLANG_ANALYZER_NONNULL = YES;
				CLANG_ANALYZER_NUMBER_OBJECT_CONVERSION = YES_AGGRESSIVE;
				CLANG_CXX_LANGUAGE_STANDARD = "gnu++14";
				CLANG_CXX_LIBRARY = "libc++";
				CLANG_ENABLE_MODULES = YES;
				CLANG_ENABLE_OBJC_ARC = YES;
				CLANG_ENABLE_OBJC_WEAK = YES;
				CLANG_WARN_BLOCK_CAPTURE_AUTORELEASING = YES;
				CLANG_WARN_BOOL_CONVERSION = YES;
				CLANG_WARN_COMMA = YES;
				CLANG_WARN_CONSTANT_CONVERSION = YES;
				CLANG_WARN_DEPRECATED_OBJC_IMPLEMENTATIONS = YES;
				CLANG_WARN_DIRECT_OBJC_ISA_USAGE = YES_ERROR;
				CLANG_WARN_DOCUMENTATION_COMMENTS = YES;
				CLANG_WARN_EMPTY_BODY = YES;
				CLANG_WARN_ENUM_CONVERSION = YES;
				CLANG_WARN_INFINITE_RECURSION = YES;
				CLANG_WARN_INT_CONVERSION = YES;
				CLANG_WARN_NON_LITERAL_NULL_CONVERSION = YES;
				CLANG_WARN_OBJC_IMPLICIT_RETAIN_SELF = YES;
				CLANG_WARN_OBJC_LITERAL_CONVERSION = YES;
				CLANG_WARN_OBJC_ROOT_CLASS = YES_ERROR;
				CLANG_WARN_RANGE_LOOP_ANALYSIS = YES;
				CLANG_WARN_STRICT_PROTOTYPES = YES;
				CLANG_WARN_SUSPICIOUS_MOVE = YES;
				CLANG_WARN_UNGUARDED_AVAILABILITY = YES_AGGRESSIVE;
				CLANG_WARN_UNREACHABLE_CODE = YES;
				CLANG_WARN__DUPLICATE_METHOD_MATCH = YES;
				COPY_PHASE_STRIP = NO;
				DEBUG_INFORMATION_FORMAT = dwarf;
				ENABLE_STRICT_OBJC_MSGSEND = YES;
				ENABLE_TESTABILITY = YES;
				GCC_C_LANGUAGE_STANDARD = gnu11;
				GCC_DYNAMIC_NO_PIC = NO;
				GCC_NO_COMMON_BLOCKS = YES;
				GCC_OPTIMIZATION_LEVEL = 0;
				GCC_PREPROCESSOR_DEFINITIONS = (
					"DEBUG=1",
					"$(inherited)",
				);
				GCC_WARN_64_TO_32_BIT_CONVERSION = YES;
				GCC_WARN_ABOUT_RETURN_TYPE = YES_ERROR;
				GCC_WARN_UNDECLARED_SELECTOR = YES;
				GCC_WARN_UNINITIALIZED_AUTOS = YES_AGGRESSIVE;
				GCC_WARN_UNUSED_FUNCTION = YES;
				GCC_WARN_UNUSED_VARIABLE = YES;
				IPHONEOS_DEPLOYMENT_TARGET = 13.5;
				MTL_ENABLE_DEBUG_INFO = INCLUDE_SOURCE;
				MTL_FAST_MATH = YES;
				ONLY_ACTIVE_ARCH = YES;
				SDKROOT = iphoneos;
				SWIFT_ACTIVE_COMPILATION_CONDITIONS = DEBUG;
				SWIFT_OPTIMIZATION_LEVEL = "-Onone";
			};
			name = Debug;
		};
		703AC45524C73AF40016A88F /* Release */ = {
			isa = XCBuildConfiguration;
			buildSettings = {
				ALWAYS_SEARCH_USER_PATHS = NO;
				CLANG_ANALYZER_NONNULL = YES;
				CLANG_ANALYZER_NUMBER_OBJECT_CONVERSION = YES_AGGRESSIVE;
				CLANG_CXX_LANGUAGE_STANDARD = "gnu++14";
				CLANG_CXX_LIBRARY = "libc++";
				CLANG_ENABLE_MODULES = YES;
				CLANG_ENABLE_OBJC_ARC = YES;
				CLANG_ENABLE_OBJC_WEAK = YES;
				CLANG_WARN_BLOCK_CAPTURE_AUTORELEASING = YES;
				CLANG_WARN_BOOL_CONVERSION = YES;
				CLANG_WARN_COMMA = YES;
				CLANG_WARN_CONSTANT_CONVERSION = YES;
				CLANG_WARN_DEPRECATED_OBJC_IMPLEMENTATIONS = YES;
				CLANG_WARN_DIRECT_OBJC_ISA_USAGE = YES_ERROR;
				CLANG_WARN_DOCUMENTATION_COMMENTS = YES;
				CLANG_WARN_EMPTY_BODY = YES;
				CLANG_WARN_ENUM_CONVERSION = YES;
				CLANG_WARN_INFINITE_RECURSION = YES;
				CLANG_WARN_INT_CONVERSION = YES;
				CLANG_WARN_NON_LITERAL_NULL_CONVERSION = YES;
				CLANG_WARN_OBJC_IMPLICIT_RETAIN_SELF = YES;
				CLANG_WARN_OBJC_LITERAL_CONVERSION = YES;
				CLANG_WARN_OBJC_ROOT_CLASS = YES_ERROR;
				CLANG_WARN_RANGE_LOOP_ANALYSIS = YES;
				CLANG_WARN_STRICT_PROTOTYPES = YES;
				CLANG_WARN_SUSPICIOUS_MOVE = YES;
				CLANG_WARN_UNGUARDED_AVAILABILITY = YES_AGGRESSIVE;
				CLANG_WARN_UNREACHABLE_CODE = YES;
				CLANG_WARN__DUPLICATE_METHOD_MATCH = YES;
				COPY_PHASE_STRIP = NO;
				DEBUG_INFORMATION_FORMAT = "dwarf-with-dsym";
				ENABLE_NS_ASSERTIONS = NO;
				ENABLE_STRICT_OBJC_MSGSEND = YES;
				GCC_C_LANGUAGE_STANDARD = gnu11;
				GCC_NO_COMMON_BLOCKS = YES;
				GCC_WARN_64_TO_32_BIT_CONVERSION = YES;
				GCC_WARN_ABOUT_RETURN_TYPE = YES_ERROR;
				GCC_WARN_UNDECLARED_SELECTOR = YES;
				GCC_WARN_UNINITIALIZED_AUTOS = YES_AGGRESSIVE;
				GCC_WARN_UNUSED_FUNCTION = YES;
				GCC_WARN_UNUSED_VARIABLE = YES;
				IPHONEOS_DEPLOYMENT_TARGET = 13.5;
				MTL_ENABLE_DEBUG_INFO = NO;
				MTL_FAST_MATH = YES;
				SDKROOT = iphoneos;
				SWIFT_COMPILATION_MODE = wholemodule;
				SWIFT_OPTIMIZATION_LEVEL = "-O";
				VALIDATE_PRODUCT = YES;
			};
			name = Release;
		};
		703AC45724C73AF40016A88F /* Debug */ = {
			isa = XCBuildConfiguration;
			buildSettings = {
				ASSETCATALOG_COMPILER_APPICON_NAME = AppIcon;
				CODE_SIGN_STYLE = Automatic;
				INFOPLIST_FILE = responsiveKeyboard/Info.plist;
				LD_RUNPATH_SEARCH_PATHS = (
					"$(inherited)",
					"@executable_path/Frameworks",
				);
				PRODUCT_BUNDLE_IDENTIFIER = jonathan.phouminh1.responsiveKeyboard;
				PRODUCT_NAME = "$(TARGET_NAME)";
				SWIFT_VERSION = 5.0;
				TARGETED_DEVICE_FAMILY = "1,2";
			};
			name = Debug;
		};
		703AC45824C73AF40016A88F /* Release */ = {
			isa = XCBuildConfiguration;
			buildSettings = {
				ASSETCATALOG_COMPILER_APPICON_NAME = AppIcon;
				CODE_SIGN_STYLE = Automatic;
				INFOPLIST_FILE = responsiveKeyboard/Info.plist;
				LD_RUNPATH_SEARCH_PATHS = (
					"$(inherited)",
					"@executable_path/Frameworks",
				);
				PRODUCT_BUNDLE_IDENTIFIER = jonathan.phouminh1.responsiveKeyboard;
				PRODUCT_NAME = "$(TARGET_NAME)";
				SWIFT_VERSION = 5.0;
				TARGETED_DEVICE_FAMILY = "1,2";
			};
			name = Release;
		};
/* End XCBuildConfiguration section */

/* Begin XCConfigurationList section */
		703AC43D24C73AF30016A88F /* Build configuration list for PBXProject "responsiveKeyboard" */ = {
			isa = XCConfigurationList;
			buildConfigurations = (
				703AC45424C73AF40016A88F /* Debug */,
				703AC45524C73AF40016A88F /* Release */,
			);
			defaultConfigurationIsVisible = 0;
			defaultConfigurationName = Release;
		};
		703AC45624C73AF40016A88F /* Build configuration list for PBXNativeTarget "responsiveKeyboard" */ = {
			isa = XCConfigurationList;
			buildConfigurations = (
				703AC45724C73AF40016A88F /* Debug */,
				703AC45824C73AF40016A88F /* Release */,
			);
			defaultConfigurationIsVisible = 0;
			defaultConfigurationName = Release;
		};
/* End XCConfigurationList section */
	};
	rootObject = 703AC43A24C73AF30016A88F /* Project object */;
}
