// !$*UTF8*$!
{
	archiveVersion = 1;
	classes = {
	};
	objectVersion = 50;
	objects = {

/* Begin PBXBuildFile section */
		DD228288248ACC3500755F09 /* AppDelegate.swift in Sources */ = {isa = PBXBuildFile; fileRef = DD228287248ACC3500755F09 /* AppDelegate.swift */; };
		DD22828A248ACC3500755F09 /* SceneDelegate.swift in Sources */ = {isa = PBXBuildFile; fileRef = DD228289248ACC3500755F09 /* SceneDelegate.swift */; };
		DD22828C248ACC3500755F09 /* ViewController.swift in Sources */ = {isa = PBXBuildFile; fileRef = DD22828B248ACC3500755F09 /* ViewController.swift */; };
		DD22828F248ACC3500755F09 /* Main.storyboard in Resources */ = {isa = PBXBuildFile; fileRef = DD22828D248ACC3500755F09 /* Main.storyboard */; };
		DD228291248ACC3800755F09 /* Assets.xcassets in Resources */ = {isa = PBXBuildFile; fileRef = DD228290248ACC3800755F09 /* Assets.xcassets */; };
		DD228294248ACC3800755F09 /* LaunchScreen.storyboard in Resources */ = {isa = PBXBuildFile; fileRef = DD228292248ACC3800755F09 /* LaunchScreen.storyboard */; };
		DD22829C248AD52100755F09 /* CardModel.swift in Sources */ = {isa = PBXBuildFile; fileRef = DD22829B248AD52100755F09 /* CardModel.swift */; };
		DD22829E248AD6D000755F09 /* Card.swift in Sources */ = {isa = PBXBuildFile; fileRef = DD22829D248AD6D000755F09 /* Card.swift */; };
		DD2282A0248ADCCA00755F09 /* CollectionViewCell.swift in Sources */ = {isa = PBXBuildFile; fileRef = DD22829F248ADCCA00755F09 /* CollectionViewCell.swift */; };
/* End PBXBuildFile section */

/* Begin PBXFileReference section */
		DD228284248ACC3500755F09 /* MatchingCardGame.app */ = {isa = PBXFileReference; explicitFileType = wrapper.application; includeInIndex = 0; path = MatchingCardGame.app; sourceTree = BUILT_PRODUCTS_DIR; };
		DD228287248ACC3500755F09 /* AppDelegate.swift */ = {isa = PBXFileReference; lastKnownFileType = sourcecode.swift; path = AppDelegate.swift; sourceTree = "<group>"; };
		DD228289248ACC3500755F09 /* SceneDelegate.swift */ = {isa = PBXFileReference; lastKnownFileType = sourcecode.swift; path = SceneDelegate.swift; sourceTree = "<group>"; };
		DD22828B248ACC3500755F09 /* ViewController.swift */ = {isa = PBXFileReference; lastKnownFileType = sourcecode.swift; path = ViewController.swift; sourceTree = "<group>"; };
		DD22828E248ACC3500755F09 /* Base */ = {isa = PBXFileReference; lastKnownFileType = file.storyboard; name = Base; path = Base.lproj/Main.storyboard; sourceTree = "<group>"; };
		DD228290248ACC3800755F09 /* Assets.xcassets */ = {isa = PBXFileReference; lastKnownFileType = folder.assetcatalog; path = Assets.xcassets; sourceTree = "<group>"; };
		DD228293248ACC3800755F09 /* Base */ = {isa = PBXFileReference; lastKnownFileType = file.storyboard; name = Base; path = Base.lproj/LaunchScreen.storyboard; sourceTree = "<group>"; };
		DD228295248ACC3800755F09 /* Info.plist */ = {isa = PBXFileReference; lastKnownFileType = text.plist.xml; path = Info.plist; sourceTree = "<group>"; };
		DD22829B248AD52100755F09 /* CardModel.swift */ = {isa = PBXFileReference; lastKnownFileType = sourcecode.swift; path = CardModel.swift; sourceTree = "<group>"; };
		DD22829D248AD6D000755F09 /* Card.swift */ = {isa = PBXFileReference; lastKnownFileType = sourcecode.swift; path = Card.swift; sourceTree = "<group>"; };
		DD22829F248ADCCA00755F09 /* CollectionViewCell.swift */ = {isa = PBXFileReference; lastKnownFileType = sourcecode.swift; path = CollectionViewCell.swift; sourceTree = "<group>"; };
/* End PBXFileReference section */

/* Begin PBXFrameworksBuildPhase section */
		DD228281248ACC3400755F09 /* Frameworks */ = {
			isa = PBXFrameworksBuildPhase;
			buildActionMask = 2147483647;
			files = (
			);
			runOnlyForDeploymentPostprocessing = 0;
		};
/* End PBXFrameworksBuildPhase section */

/* Begin PBXGroup section */
		DD22827B248ACC3400755F09 = {
			isa = PBXGroup;
			children = (
				DD228286248ACC3500755F09 /* MatchingCardGame */,
				DD228285248ACC3500755F09 /* Products */,
			);
			sourceTree = "<group>";
		};
		DD228285248ACC3500755F09 /* Products */ = {
			isa = PBXGroup;
			children = (
				DD228284248ACC3500755F09 /* MatchingCardGame.app */,
			);
			name = Products;
			sourceTree = "<group>";
		};
		DD228286248ACC3500755F09 /* MatchingCardGame */ = {
			isa = PBXGroup;
			children = (
				DD228287248ACC3500755F09 /* AppDelegate.swift */,
				DD228289248ACC3500755F09 /* SceneDelegate.swift */,
				DD22829B248AD52100755F09 /* CardModel.swift */,
				DD22829D248AD6D000755F09 /* Card.swift */,
				DD22829F248ADCCA00755F09 /* CollectionViewCell.swift */,
				DD22828B248ACC3500755F09 /* ViewController.swift */,
				DD22828D248ACC3500755F09 /* Main.storyboard */,
				DD228290248ACC3800755F09 /* Assets.xcassets */,
				DD228292248ACC3800755F09 /* LaunchScreen.storyboard */,
				DD228295248ACC3800755F09 /* Info.plist */,
			);
			path = MatchingCardGame;
			sourceTree = "<group>";
		};
/* End PBXGroup section */

/* Begin PBXNativeTarget section */
		DD228283248ACC3400755F09 /* MatchingCardGame */ = {
			isa = PBXNativeTarget;
			buildConfigurationList = DD228298248ACC3800755F09 /* Build configuration list for PBXNativeTarget "MatchingCardGame" */;
			buildPhases = (
				DD228280248ACC3400755F09 /* Sources */,
				DD228281248ACC3400755F09 /* Frameworks */,
				DD228282248ACC3400755F09 /* Resources */,
			);
			buildRules = (
			);
			dependencies = (
			);
			name = MatchingCardGame;
			productName = MatchingCardGame;
			productReference = DD228284248ACC3500755F09 /* MatchingCardGame.app */;
			productType = "com.apple.product-type.application";
		};
/* End PBXNativeTarget section */

/* Begin PBXProject section */
		DD22827C248ACC3400755F09 /* Project object */ = {
			isa = PBXProject;
			attributes = {
				LastSwiftUpdateCheck = 1130;
				LastUpgradeCheck = 1130;
				ORGANIZATIONNAME = Phou;
				TargetAttributes = {
					DD228283248ACC3400755F09 = {
						CreatedOnToolsVersion = 11.3.1;
					};
				};
			};
			buildConfigurationList = DD22827F248ACC3400755F09 /* Build configuration list for PBXProject "MatchingCardGame" */;
			compatibilityVersion = "Xcode 9.3";
			developmentRegion = en;
			hasScannedForEncodings = 0;
			knownRegions = (
				en,
				Base,
			);
			mainGroup = DD22827B248ACC3400755F09;
			productRefGroup = DD228285248ACC3500755F09 /* Products */;
			projectDirPath = "";
			projectRoot = "";
			targets = (
				DD228283248ACC3400755F09 /* MatchingCardGame */,
			);
		};
/* End PBXProject section */

/* Begin PBXResourcesBuildPhase section */
		DD228282248ACC3400755F09 /* Resources */ = {
			isa = PBXResourcesBuildPhase;
			buildActionMask = 2147483647;
			files = (
				DD228294248ACC3800755F09 /* LaunchScreen.storyboard in Resources */,
				DD228291248ACC3800755F09 /* Assets.xcassets in Resources */,
				DD22828F248ACC3500755F09 /* Main.storyboard in Resources */,
			);
			runOnlyForDeploymentPostprocessing = 0;
		};
/* End PBXResourcesBuildPhase section */

/* Begin PBXSourcesBuildPhase section */
		DD228280248ACC3400755F09 /* Sources */ = {
			isa = PBXSourcesBuildPhase;
			buildActionMask = 2147483647;
			files = (
				DD22828C248ACC3500755F09 /* ViewController.swift in Sources */,
				DD22829C248AD52100755F09 /* CardModel.swift in Sources */,
				DD2282A0248ADCCA00755F09 /* CollectionViewCell.swift in Sources */,
				DD22829E248AD6D000755F09 /* Card.swift in Sources */,
				DD228288248ACC3500755F09 /* AppDelegate.swift in Sources */,
				DD22828A248ACC3500755F09 /* SceneDelegate.swift in Sources */,
			);
			runOnlyForDeploymentPostprocessing = 0;
		};
/* End PBXSourcesBuildPhase section */

/* Begin PBXVariantGroup section */
		DD22828D248ACC3500755F09 /* Main.storyboard */ = {
			isa = PBXVariantGroup;
			children = (
				DD22828E248ACC3500755F09 /* Base */,
			);
			name = Main.storyboard;
			sourceTree = "<group>";
		};
		DD228292248ACC3800755F09 /* LaunchScreen.storyboard */ = {
			isa = PBXVariantGroup;
			children = (
				DD228293248ACC3800755F09 /* Base */,
			);
			name = LaunchScreen.storyboard;
			sourceTree = "<group>";
		};
/* End PBXVariantGroup section */

/* Begin XCBuildConfiguration section */
		DD228296248ACC3800755F09 /* Debug */ = {
			isa = XCBuildConfiguration;
			buildSettings = {
				ALWAYS_SEARCH_USER_PATHS = NO;
				CLANG_ANALYZER_NONNULL = YES;
				CLANG_ANALYZER_NUMBER_OBJECT_CONVERSION = YES_AGGRESSIVE;
				CLANG_CXX_LANGUAGE_STANDARD = "gnu++14";
				CLANG_CXX_LIBRARY = "libc++";
				CLANG_ENABLE_MODULES = YES;
				CLANG_ENABLE_OBJC_ARC = YES;
				CLANG_ENABLE_OBJC_WEAK = YES;
				CLANG_WARN_BLOCK_CAPTURE_AUTORELEASING = YES;
				CLANG_WARN_BOOL_CONVERSION = YES;
				CLANG_WARN_COMMA = YES;
				CLANG_WARN_CONSTANT_CONVERSION = YES;
				CLANG_WARN_DEPRECATED_OBJC_IMPLEMENTATIONS = YES;
				CLANG_WARN_DIRECT_OBJC_ISA_USAGE = YES_ERROR;
				CLANG_WARN_DOCUMENTATION_COMMENTS = YES;
				CLANG_WARN_EMPTY_BODY = YES;
				CLANG_WARN_ENUM_CONVERSION = YES;
				CLANG_WARN_INFINITE_RECURSION = YES;
				CLANG_WARN_INT_CONVERSION = YES;
				CLANG_WARN_NON_LITERAL_NULL_CONVERSION = YES;
				CLANG_WARN_OBJC_IMPLICIT_RETAIN_SELF = YES;
				CLANG_WARN_OBJC_LITERAL_CONVERSION = YES;
				CLANG_WARN_OBJC_ROOT_CLASS = YES_ERROR;
				CLANG_WARN_RANGE_LOOP_ANALYSIS = YES;
				CLANG_WARN_STRICT_PROTOTYPES = YES;
				CLANG_WARN_SUSPICIOUS_MOVE = YES;
				CLANG_WARN_UNGUARDED_AVAILABILITY = YES_AGGRESSIVE;
				CLANG_WARN_UNREACHABLE_CODE = YES;
				CLANG_WARN__DUPLICATE_METHOD_MATCH = YES;
				COPY_PHASE_STRIP = NO;
				DEBUG_INFORMATION_FORMAT = dwarf;
				ENABLE_STRICT_OBJC_MSGSEND = YES;
				ENABLE_TESTABILITY = YES;
				GCC_C_LANGUAGE_STANDARD = gnu11;
				GCC_DYNAMIC_NO_PIC = NO;
				GCC_NO_COMMON_BLOCKS = YES;
				GCC_OPTIMIZATION_LEVEL = 0;
				GCC_PREPROCESSOR_DEFINITIONS = (
					"DEBUG=1",
					"$(inherited)",
				);
				GCC_WARN_64_TO_32_BIT_CONVERSION = YES;
				GCC_WARN_ABOUT_RETURN_TYPE = YES_ERROR;
				GCC_WARN_UNDECLARED_SELECTOR = YES;
				GCC_WARN_UNINITIALIZED_AUTOS = YES_AGGRESSIVE;
				GCC_WARN_UNUSED_FUNCTION = YES;
				GCC_WARN_UNUSED_VARIABLE = YES;
				IPHONEOS_DEPLOYMENT_TARGET = 13.2;
				MTL_ENABLE_DEBUG_INFO = INCLUDE_SOURCE;
				MTL_FAST_MATH = YES;
				ONLY_ACTIVE_ARCH = YES;
				SDKROOT = iphoneos;
				SWIFT_ACTIVE_COMPILATION_CONDITIONS = DEBUG;
				SWIFT_OPTIMIZATION_LEVEL = "-Onone";
			};
			name = Debug;
		};
		DD228297248ACC3800755F09 /* Release */ = {
			isa = XCBuildConfiguration;
			buildSettings = {
				ALWAYS_SEARCH_USER_PATHS = NO;
				CLANG_ANALYZER_NONNULL = YES;
				CLANG_ANALYZER_NUMBER_OBJECT_CONVERSION = YES_AGGRESSIVE;
				CLANG_CXX_LANGUAGE_STANDARD = "gnu++14";
				CLANG_CXX_LIBRARY = "libc++";
				CLANG_ENABLE_MODULES = YES;
				CLANG_ENABLE_OBJC_ARC = YES;
				CLANG_ENABLE_OBJC_WEAK = YES;
				CLANG_WARN_BLOCK_CAPTURE_AUTORELEASING = YES;
				CLANG_WARN_BOOL_CONVERSION = YES;
				CLANG_WARN_COMMA = YES;
				CLANG_WARN_CONSTANT_CONVERSION = YES;
				CLANG_WARN_DEPRECATED_OBJC_IMPLEMENTATIONS = YES;
				CLANG_WARN_DIRECT_OBJC_ISA_USAGE = YES_ERROR;
				CLANG_WARN_DOCUMENTATION_COMMENTS = YES;
				CLANG_WARN_EMPTY_BODY = YES;
				CLANG_WARN_ENUM_CONVERSION = YES;
				CLANG_WARN_INFINITE_RECURSION = YES;
				CLANG_WARN_INT_CONVERSION = YES;
				CLANG_WARN_NON_LITERAL_NULL_CONVERSION = YES;
				CLANG_WARN_OBJC_IMPLICIT_RETAIN_SELF = YES;
				CLANG_WARN_OBJC_LITERAL_CONVERSION = YES;
				CLANG_WARN_OBJC_ROOT_CLASS = YES_ERROR;
				CLANG_WARN_RANGE_LOOP_ANALYSIS = YES;
				CLANG_WARN_STRICT_PROTOTYPES = YES;
				CLANG_WARN_SUSPICIOUS_MOVE = YES;
				CLANG_WARN_UNGUARDED_AVAILABILITY = YES_AGGRESSIVE;
				CLANG_WARN_UNREACHABLE_CODE = YES;
				CLANG_WARN__DUPLICATE_METHOD_MATCH = YES;
				COPY_PHASE_STRIP = NO;
				DEBUG_INFORMATION_FORMAT = "dwarf-with-dsym";
				ENABLE_NS_ASSERTIONS = NO;
				ENABLE_STRICT_OBJC_MSGSEND = YES;
				GCC_C_LANGUAGE_STANDARD = gnu11;
				GCC_NO_COMMON_BLOCKS = YES;
				GCC_WARN_64_TO_32_BIT_CONVERSION = YES;
				GCC_WARN_ABOUT_RETURN_TYPE = YES_ERROR;
				GCC_WARN_UNDECLARED_SELECTOR = YES;
				GCC_WARN_UNINITIALIZED_AUTOS = YES_AGGRESSIVE;
				GCC_WARN_UNUSED_FUNCTION = YES;
				GCC_WARN_UNUSED_VARIABLE = YES;
				IPHONEOS_DEPLOYMENT_TARGET = 13.2;
				MTL_ENABLE_DEBUG_INFO = NO;
				MTL_FAST_MATH = YES;
				SDKROOT = iphoneos;
				SWIFT_COMPILATION_MODE = wholemodule;
				SWIFT_OPTIMIZATION_LEVEL = "-O";
				VALIDATE_PRODUCT = YES;
			};
			name = Release;
		};
		DD228299248ACC3800755F09 /* Debug */ = {
			isa = XCBuildConfiguration;
			buildSettings = {
				ASSETCATALOG_COMPILER_APPICON_NAME = AppIcon;
				CODE_SIGN_STYLE = Automatic;
				INFOPLIST_FILE = MatchingCardGame/Info.plist;
				LD_RUNPATH_SEARCH_PATHS = (
					"$(inherited)",
					"@executable_path/Frameworks",
				);
				PRODUCT_BUNDLE_IDENTIFIER = Phou.MatchingCardGame;
				PRODUCT_NAME = "$(TARGET_NAME)";
				SWIFT_VERSION = 5.0;
				TARGETED_DEVICE_FAMILY = "1,2";
			};
			name = Debug;
		};
		DD22829A248ACC3800755F09 /* Release */ = {
			isa = XCBuildConfiguration;
			buildSettings = {
				ASSETCATALOG_COMPILER_APPICON_NAME = AppIcon;
				CODE_SIGN_STYLE = Automatic;
				INFOPLIST_FILE = MatchingCardGame/Info.plist;
				LD_RUNPATH_SEARCH_PATHS = (
					"$(inherited)",
					"@executable_path/Frameworks",
				);
				PRODUCT_BUNDLE_IDENTIFIER = Phou.MatchingCardGame;
				PRODUCT_NAME = "$(TARGET_NAME)";
				SWIFT_VERSION = 5.0;
				TARGETED_DEVICE_FAMILY = "1,2";
			};
			name = Release;
		};
/* End XCBuildConfiguration section */

/* Begin XCConfigurationList section */
		DD22827F248ACC3400755F09 /* Build configuration list for PBXProject "MatchingCardGame" */ = {
			isa = XCConfigurationList;
			buildConfigurations = (
				DD228296248ACC3800755F09 /* Debug */,
				DD228297248ACC3800755F09 /* Release */,
			);
			defaultConfigurationIsVisible = 0;
			defaultConfigurationName = Release;
		};
		DD228298248ACC3800755F09 /* Build configuration list for PBXNativeTarget "MatchingCardGame" */ = {
			isa = XCConfigurationList;
			buildConfigurations = (
				DD228299248ACC3800755F09 /* Debug */,
				DD22829A248ACC3800755F09 /* Release */,
			);
			defaultConfigurationIsVisible = 0;
			defaultConfigurationName = Release;
		};
/* End XCConfigurationList section */
	};
	rootObject = DD22827C248ACC3400755F09 /* Project object */;
}
